
Microsoft Visual Studio Solution File, Format Version 12.00
# Visual Studio Version 16
VisualStudioVersion = 16.0.29613.14
MinimumVisualStudioVersion = 10.0.40219.1
Project("{FAE04EC0-301F-11D3-BF4B-00C04F79EFBC}") = "TinyClothes", "TinyClothes\TinyClothes.csproj", "{E32EEB22-DA98-4BBB-AF92-66AE79FECA7F}"
EndProject
Global
	GlobalSection(SolutionConfigurationPlatforms) = preSolution
		Debug|Any CPU = Debug|Any CPU
		Release|Any CPU = Release|Any CPU
	EndGlobalSection
	GlobalSection(ProjectConfigurationPlatforms) = postSolution
		{E32EEB22-DA98-4BBB-AF92-66AE79FECA7F}.Debug|Any CPU.ActiveCfg = Debug|Any CPU
		{E32EEB22-DA98-4BBB-AF92-66AE79FECA7F}.Debug|Any CPU.Build.0 = Debug|Any CPU
		{E32EEB22-DA98-4BBB-AF92-66AE79FECA7F}.Release|Any CPU.ActiveCfg = Release|Any CPU
		{E32EEB22-DA98-4BBB-AF92-66AE79FECA7F}.Release|Any CPU.Build.0 = Release|Any CPU
	EndGlobalSection
	GlobalSection(SolutionProperties) = preSolution
		HideSolutionNode = FALSE
	EndGlobalSection
	GlobalSection(ExtensibilityGlobals) = postSolution
		SolutionGuid = {93A136CD-BDAC-4917-8B52-E8689E0C7EF1}
	EndGlobalSection
EndGlobal
